
Microsoft Visual Studio Solution File, Format Version 12.00
# Visual Studio Version 17
VisualStudioVersion = 17.0.31903.59
MinimumVisualStudioVersion = 10.0.40219.1
Project("{2150E333-8FDC-42A3-9474-1A3956D46DE8}") = "src", "src", "{ED095FE0-BC5A-4EDD-A7B2-DC81CB1A44DD}"
EndProject
Project("{FAE04EC0-301F-11D3-BF4B-00C04F79EFBC}") = "Movye.Api", "src\Movye.Api\Movye.Api.csproj", "{027559D4-81D0-4C35-B328-8F772BEF9DA1}"
EndProject
Project("{FAE04EC0-301F-11D3-BF4B-00C04F79EFBC}") = "Movye.Domain", "src\Movye.Domain\Movye.Domain.csproj", "{9A40A5E7-8F58-4D7B-AC9E-D3BD3060B585}"
EndProject
Project("{FAE04EC0-301F-11D3-BF4B-00C04F79EFBC}") = "Movye.Data", "src\Movye.Data\Movye.Data.csproj", "{EEBF695F-5428-4A5C-8AFD-B1308BF4D49E}"
EndProject
Project("{FAE04EC0-301F-11D3-BF4B-00C04F79EFBC}") = "Movye.Identity", "src\Movye.Identity\Movye.Identity.csproj", "{EFF57C1B-307B-4CBF-BD6D-6BEFFB83D1AD}"
EndProject
Project("{FAE04EC0-301F-11D3-BF4B-00C04F79EFBC}") = "Movye.Application", "src\Movye.Application\Movye.Application.csproj", "{9BC69A4C-5331-4945-8D19-09A06E1E3C8F}"
EndProject
Global
	GlobalSection(SolutionConfigurationPlatforms) = preSolution
		Debug|Any CPU = Debug|Any CPU
		Release|Any CPU = Release|Any CPU
	EndGlobalSection
	GlobalSection(SolutionProperties) = preSolution
		HideSolutionNode = FALSE
	EndGlobalSection
	GlobalSection(ProjectConfigurationPlatforms) = postSolution
		{027559D4-81D0-4C35-B328-8F772BEF9DA1}.Debug|Any CPU.ActiveCfg = Debug|Any CPU
		{027559D4-81D0-4C35-B328-8F772BEF9DA1}.Debug|Any CPU.Build.0 = Debug|Any CPU
		{027559D4-81D0-4C35-B328-8F772BEF9DA1}.Release|Any CPU.ActiveCfg = Release|Any CPU
		{027559D4-81D0-4C35-B328-8F772BEF9DA1}.Release|Any CPU.Build.0 = Release|Any CPU
		{9A40A5E7-8F58-4D7B-AC9E-D3BD3060B585}.Debug|Any CPU.ActiveCfg = Debug|Any CPU
		{9A40A5E7-8F58-4D7B-AC9E-D3BD3060B585}.Debug|Any CPU.Build.0 = Debug|Any CPU
		{9A40A5E7-8F58-4D7B-AC9E-D3BD3060B585}.Release|Any CPU.ActiveCfg = Release|Any CPU
		{9A40A5E7-8F58-4D7B-AC9E-D3BD3060B585}.Release|Any CPU.Build.0 = Release|Any CPU
		{EEBF695F-5428-4A5C-8AFD-B1308BF4D49E}.Debug|Any CPU.ActiveCfg = Debug|Any CPU
		{EEBF695F-5428-4A5C-8AFD-B1308BF4D49E}.Debug|Any CPU.Build.0 = Debug|Any CPU
		{EEBF695F-5428-4A5C-8AFD-B1308BF4D49E}.Release|Any CPU.ActiveCfg = Release|Any CPU
		{EEBF695F-5428-4A5C-8AFD-B1308BF4D49E}.Release|Any CPU.Build.0 = Release|Any CPU
		{EFF57C1B-307B-4CBF-BD6D-6BEFFB83D1AD}.Debug|Any CPU.ActiveCfg = Debug|Any CPU
		{EFF57C1B-307B-4CBF-BD6D-6BEFFB83D1AD}.Debug|Any CPU.Build.0 = Debug|Any CPU
		{EFF57C1B-307B-4CBF-BD6D-6BEFFB83D1AD}.Release|Any CPU.ActiveCfg = Release|Any CPU
		{EFF57C1B-307B-4CBF-BD6D-6BEFFB83D1AD}.Release|Any CPU.Build.0 = Release|Any CPU
		{9BC69A4C-5331-4945-8D19-09A06E1E3C8F}.Debug|Any CPU.ActiveCfg = Debug|Any CPU
		{9BC69A4C-5331-4945-8D19-09A06E1E3C8F}.Debug|Any CPU.Build.0 = Debug|Any CPU
		{9BC69A4C-5331-4945-8D19-09A06E1E3C8F}.Release|Any CPU.ActiveCfg = Release|Any CPU
		{9BC69A4C-5331-4945-8D19-09A06E1E3C8F}.Release|Any CPU.Build.0 = Release|Any CPU
	EndGlobalSection
	GlobalSection(NestedProjects) = preSolution
		{027559D4-81D0-4C35-B328-8F772BEF9DA1} = {ED095FE0-BC5A-4EDD-A7B2-DC81CB1A44DD}
		{9A40A5E7-8F58-4D7B-AC9E-D3BD3060B585} = {ED095FE0-BC5A-4EDD-A7B2-DC81CB1A44DD}
		{EEBF695F-5428-4A5C-8AFD-B1308BF4D49E} = {ED095FE0-BC5A-4EDD-A7B2-DC81CB1A44DD}
		{EFF57C1B-307B-4CBF-BD6D-6BEFFB83D1AD} = {ED095FE0-BC5A-4EDD-A7B2-DC81CB1A44DD}
		{9BC69A4C-5331-4945-8D19-09A06E1E3C8F} = {ED095FE0-BC5A-4EDD-A7B2-DC81CB1A44DD}
	EndGlobalSection
EndGlobal
